// !$*UTF8*$!
{
	archiveVersion = 1;
	classes = {
	};
	objectVersion = 56;
	objects = {

/* Begin PBXBuildFile section */
		4E290A3D294379820083F3B2 /* FeedCell.swift in Sources */ = {isa = PBXBuildFile; fileRef = 4E290A3C294379820083F3B2 /* FeedCell.swift */; };
		4E8B61D2294076F9005CDC37 /* AppDelegate.swift in Sources */ = {isa = PBXBuildFile; fileRef = 4E8B61D1294076F9005CDC37 /* AppDelegate.swift */; };
		4E8B61D4294076F9005CDC37 /* SceneDelegate.swift in Sources */ = {isa = PBXBuildFile; fileRef = 4E8B61D3294076F9005CDC37 /* SceneDelegate.swift */; };
		4E8B61D6294076F9005CDC37 /* ViewController.swift in Sources */ = {isa = PBXBuildFile; fileRef = 4E8B61D5294076F9005CDC37 /* ViewController.swift */; };
		4E8B61D9294076F9005CDC37 /* Main.storyboard in Resources */ = {isa = PBXBuildFile; fileRef = 4E8B61D7294076F9005CDC37 /* Main.storyboard */; };
		4E8B61DB294076FA005CDC37 /* Assets.xcassets in Resources */ = {isa = PBXBuildFile; fileRef = 4E8B61DA294076FA005CDC37 /* Assets.xcassets */; };
		4E8B61DE294076FA005CDC37 /* LaunchScreen.storyboard in Resources */ = {isa = PBXBuildFile; fileRef = 4E8B61DC294076FA005CDC37 /* LaunchScreen.storyboard */; };
		4E8B61E629407797005CDC37 /* GoogleService-Info.plist in Resources */ = {isa = PBXBuildFile; fileRef = 4E8B61E529407797005CDC37 /* GoogleService-Info.plist */; };
		4EB36AF029409D4700E45A60 /* FeedViewController.swift in Sources */ = {isa = PBXBuildFile; fileRef = 4EB36AEF29409D4700E45A60 /* FeedViewController.swift */; };
		4EB36AF229409D5800E45A60 /* UploadViewController.swift in Sources */ = {isa = PBXBuildFile; fileRef = 4EB36AF129409D5800E45A60 /* UploadViewController.swift */; };
		4EB36AF429409D6700E45A60 /* SettingsViewController.swift in Sources */ = {isa = PBXBuildFile; fileRef = 4EB36AF329409D6700E45A60 /* SettingsViewController.swift */; };
		F8B157A3962EF2EC60C97C58 /* Pods_instaClone.framework in Frameworks */ = {isa = PBXBuildFile; fileRef = 66E8A278ABA21217E660E757 /* Pods_instaClone.framework */; };
/* End PBXBuildFile section */

/* Begin PBXFileReference section */
		09F8F170DF8AA086049884BB /* Pods-instaClone.release.xcconfig */ = {isa = PBXFileReference; includeInIndex = 1; lastKnownFileType = text.xcconfig; name = "Pods-instaClone.release.xcconfig"; path = "Target Support Files/Pods-instaClone/Pods-instaClone.release.xcconfig"; sourceTree = "<group>"; };
		4E290A3C294379820083F3B2 /* FeedCell.swift */ = {isa = PBXFileReference; lastKnownFileType = sourcecode.swift; path = FeedCell.swift; sourceTree = "<group>"; };
		4E8B61CE294076F9005CDC37 /* instaClone.app */ = {isa = PBXFileReference; explicitFileType = wrapper.application; includeInIndex = 0; path = instaClone.app; sourceTree = BUILT_PRODUCTS_DIR; };
		4E8B61D1294076F9005CDC37 /* AppDelegate.swift */ = {isa = PBXFileReference; lastKnownFileType = sourcecode.swift; path = AppDelegate.swift; sourceTree = "<group>"; };
		4E8B61D3294076F9005CDC37 /* SceneDelegate.swift */ = {isa = PBXFileReference; lastKnownFileType = sourcecode.swift; path = SceneDelegate.swift; sourceTree = "<group>"; };
		4E8B61D5294076F9005CDC37 /* ViewController.swift */ = {isa = PBXFileReference; lastKnownFileType = sourcecode.swift; path = ViewController.swift; sourceTree = "<group>"; };
		4E8B61D8294076F9005CDC37 /* Base */ = {isa = PBXFileReference; lastKnownFileType = file.storyboard; name = Base; path = Base.lproj/Main.storyboard; sourceTree = "<group>"; };
		4E8B61DA294076FA005CDC37 /* Assets.xcassets */ = {isa = PBXFileReference; lastKnownFileType = folder.assetcatalog; path = Assets.xcassets; sourceTree = "<group>"; };
		4E8B61DD294076FA005CDC37 /* Base */ = {isa = PBXFileReference; lastKnownFileType = file.storyboard; name = Base; path = Base.lproj/LaunchScreen.storyboard; sourceTree = "<group>"; };
		4E8B61DF294076FA005CDC37 /* Info.plist */ = {isa = PBXFileReference; lastKnownFileType = text.plist.xml; path = Info.plist; sourceTree = "<group>"; };
		4E8B61E529407797005CDC37 /* GoogleService-Info.plist */ = {isa = PBXFileReference; fileEncoding = 4; lastKnownFileType = text.plist.xml; path = "GoogleService-Info.plist"; sourceTree = "<group>"; };
		4EB36AEF29409D4700E45A60 /* FeedViewController.swift */ = {isa = PBXFileReference; lastKnownFileType = sourcecode.swift; path = FeedViewController.swift; sourceTree = "<group>"; };
		4EB36AF129409D5800E45A60 /* UploadViewController.swift */ = {isa = PBXFileReference; lastKnownFileType = sourcecode.swift; path = UploadViewController.swift; sourceTree = "<group>"; };
		4EB36AF329409D6700E45A60 /* SettingsViewController.swift */ = {isa = PBXFileReference; lastKnownFileType = sourcecode.swift; path = SettingsViewController.swift; sourceTree = "<group>"; };
		66E8A278ABA21217E660E757 /* Pods_instaClone.framework */ = {isa = PBXFileReference; explicitFileType = wrapper.framework; includeInIndex = 0; path = Pods_instaClone.framework; sourceTree = BUILT_PRODUCTS_DIR; };
		8D5091B2D38671EB4E2EA7CD /* Pods-instaClone.debug.xcconfig */ = {isa = PBXFileReference; includeInIndex = 1; lastKnownFileType = text.xcconfig; name = "Pods-instaClone.debug.xcconfig"; path = "Target Support Files/Pods-instaClone/Pods-instaClone.debug.xcconfig"; sourceTree = "<group>"; };
/* End PBXFileReference section */

/* Begin PBXFrameworksBuildPhase section */
		4E8B61CB294076F9005CDC37 /* Frameworks */ = {
			isa = PBXFrameworksBuildPhase;
			buildActionMask = 2147483647;
			files = (
				F8B157A3962EF2EC60C97C58 /* Pods_instaClone.framework in Frameworks */,
			);
			runOnlyForDeploymentPostprocessing = 0;
		};
/* End PBXFrameworksBuildPhase section */

/* Begin PBXGroup section */
		4E8B61C5294076F9005CDC37 = {
			isa = PBXGroup;
			children = (
				4E8B61D0294076F9005CDC37 /* instaClone */,
				4E8B61CF294076F9005CDC37 /* Products */,
				DD14EBF471536203BB28C6DA /* Pods */,
				75624F599928BE4F85B81E8E /* Frameworks */,
			);
			sourceTree = "<group>";
		};
		4E8B61CF294076F9005CDC37 /* Products */ = {
			isa = PBXGroup;
			children = (
				4E8B61CE294076F9005CDC37 /* instaClone.app */,
			);
			name = Products;
			sourceTree = "<group>";
		};
		4E8B61D0294076F9005CDC37 /* instaClone */ = {
			isa = PBXGroup;
			children = (
				4E8B61D1294076F9005CDC37 /* AppDelegate.swift */,
				4E8B61D3294076F9005CDC37 /* SceneDelegate.swift */,
				4E8B61D5294076F9005CDC37 /* ViewController.swift */,
				4EB36AEF29409D4700E45A60 /* FeedViewController.swift */,
				4E290A3C294379820083F3B2 /* FeedCell.swift */,
				4EB36AF129409D5800E45A60 /* UploadViewController.swift */,
				4EB36AF329409D6700E45A60 /* SettingsViewController.swift */,
				4E8B61DA294076FA005CDC37 /* Assets.xcassets */,
				4E8B61D7294076F9005CDC37 /* Main.storyboard */,
				4E8B61DC294076FA005CDC37 /* LaunchScreen.storyboard */,
				4E8B61DF294076FA005CDC37 /* Info.plist */,
				4E8B61E529407797005CDC37 /* GoogleService-Info.plist */,
			);
			path = instaClone;
			sourceTree = "<group>";
		};
		75624F599928BE4F85B81E8E /* Frameworks */ = {
			isa = PBXGroup;
			children = (
				66E8A278ABA21217E660E757 /* Pods_instaClone.framework */,
			);
			name = Frameworks;
			sourceTree = "<group>";
		};
		DD14EBF471536203BB28C6DA /* Pods */ = {
			isa = PBXGroup;
			children = (
				8D5091B2D38671EB4E2EA7CD /* Pods-instaClone.debug.xcconfig */,
				09F8F170DF8AA086049884BB /* Pods-instaClone.release.xcconfig */,
			);
			path = Pods;
			sourceTree = "<group>";
		};
/* End PBXGroup section */

/* Begin PBXNativeTarget section */
		4E8B61CD294076F9005CDC37 /* instaClone */ = {
			isa = PBXNativeTarget;
			buildConfigurationList = 4E8B61E2294076FA005CDC37 /* Build configuration list for PBXNativeTarget "instaClone" */;
			buildPhases = (
				DA78B0639F1F9CD93CE705CF /* [CP] Check Pods Manifest.lock */,
				4E8B61CA294076F9005CDC37 /* Sources */,
				4E8B61CB294076F9005CDC37 /* Frameworks */,
				4E8B61CC294076F9005CDC37 /* Resources */,
				7A957EC57B7B06D416F31F49 /* [CP] Embed Pods Frameworks */,
			);
			buildRules = (
			);
			dependencies = (
			);
			name = instaClone;
			productName = instaClone;
			productReference = 4E8B61CE294076F9005CDC37 /* instaClone.app */;
			productType = "com.apple.product-type.application";
		};
/* End PBXNativeTarget section */

/* Begin PBXProject section */
		4E8B61C6294076F9005CDC37 /* Project object */ = {
			isa = PBXProject;
			attributes = {
				BuildIndependentTargetsInParallel = 1;
				LastSwiftUpdateCheck = 1410;
				LastUpgradeCheck = 1410;
				TargetAttributes = {
					4E8B61CD294076F9005CDC37 = {
						CreatedOnToolsVersion = 14.1;
					};
				};
			};
			buildConfigurationList = 4E8B61C9294076F9005CDC37 /* Build configuration list for PBXProject "instaClone" */;
			compatibilityVersion = "Xcode 14.0";
			developmentRegion = en;
			hasScannedForEncodings = 0;
			knownRegions = (
				en,
				Base,
			);
			mainGroup = 4E8B61C5294076F9005CDC37;
			packageReferences = (
			);
			productRefGroup = 4E8B61CF294076F9005CDC37 /* Products */;
			projectDirPath = "";
			projectRoot = "";
			targets = (
				4E8B61CD294076F9005CDC37 /* instaClone */,
			);
		};
/* End PBXProject section */

/* Begin PBXResourcesBuildPhase section */
		4E8B61CC294076F9005CDC37 /* Resources */ = {
			isa = PBXResourcesBuildPhase;
			buildActionMask = 2147483647;
			files = (
				4E8B61DE294076FA005CDC37 /* LaunchScreen.storyboard in Resources */,
				4E8B61E629407797005CDC37 /* GoogleService-Info.plist in Resources */,
				4E8B61DB294076FA005CDC37 /* Assets.xcassets in Resources */,
				4E8B61D9294076F9005CDC37 /* Main.storyboard in Resources */,
			);
			runOnlyForDeploymentPostprocessing = 0;
		};
/* End PBXResourcesBuildPhase section */

/* Begin PBXShellScriptBuildPhase section */
		7A957EC57B7B06D416F31F49 /* [CP] Embed Pods Frameworks */ = {
			isa = PBXShellScriptBuildPhase;
			buildActionMask = 2147483647;
			files = (
			);
			inputFileListPaths = (
				"${PODS_ROOT}/Target Support Files/Pods-instaClone/Pods-instaClone-frameworks-${CONFIGURATION}-input-files.xcfilelist",
			);
			name = "[CP] Embed Pods Frameworks";
			outputFileListPaths = (
				"${PODS_ROOT}/Target Support Files/Pods-instaClone/Pods-instaClone-frameworks-${CONFIGURATION}-output-files.xcfilelist",
			);
			runOnlyForDeploymentPostprocessing = 0;
			shellPath = /bin/sh;
			shellScript = "\"${PODS_ROOT}/Target Support Files/Pods-instaClone/Pods-instaClone-frameworks.sh\"\n";
			showEnvVarsInLog = 0;
		};
		DA78B0639F1F9CD93CE705CF /* [CP] Check Pods Manifest.lock */ = {
			isa = PBXShellScriptBuildPhase;
			buildActionMask = 2147483647;
			files = (
			);
			inputFileListPaths = (
			);
			inputPaths = (
				"${PODS_PODFILE_DIR_PATH}/Podfile.lock",
				"${PODS_ROOT}/Manifest.lock",
			);
			name = "[CP] Check Pods Manifest.lock";
			outputFileListPaths = (
			);
			outputPaths = (
				"$(DERIVED_FILE_DIR)/Pods-instaClone-checkManifestLockResult.txt",
			);
			runOnlyForDeploymentPostprocessing = 0;
			shellPath = /bin/sh;
			shellScript = "diff \"${PODS_PODFILE_DIR_PATH}/Podfile.lock\" \"${PODS_ROOT}/Manifest.lock\" > /dev/null\nif [ $? != 0 ] ; then\n    # print error to STDERR\n    echo \"error: The sandbox is not in sync with the Podfile.lock. Run 'pod install' or update your CocoaPods installation.\" >&2\n    exit 1\nfi\n# This output is used by Xcode 'outputs' to avoid re-running this script phase.\necho \"SUCCESS\" > \"${SCRIPT_OUTPUT_FILE_0}\"\n";
			showEnvVarsInLog = 0;
		};
/* End PBXShellScriptBuildPhase section */

/* Begin PBXSourcesBuildPhase section */
		4E8B61CA294076F9005CDC37 /* Sources */ = {
			isa = PBXSourcesBuildPhase;
			buildActionMask = 2147483647;
			files = (
				4E290A3D294379820083F3B2 /* FeedCell.swift in Sources */,
				4E8B61D6294076F9005CDC37 /* ViewController.swift in Sources */,
				4EB36AF229409D5800E45A60 /* UploadViewController.swift in Sources */,
				4E8B61D2294076F9005CDC37 /* AppDelegate.swift in Sources */,
				4EB36AF029409D4700E45A60 /* FeedViewController.swift in Sources */,
				4E8B61D4294076F9005CDC37 /* SceneDelegate.swift in Sources */,
				4EB36AF429409D6700E45A60 /* SettingsViewController.swift in Sources */,
			);
			runOnlyForDeploymentPostprocessing = 0;
		};
/* End PBXSourcesBuildPhase section */

/* Begin PBXVariantGroup section */
		4E8B61D7294076F9005CDC37 /* Main.storyboard */ = {
			isa = PBXVariantGroup;
			children = (
				4E8B61D8294076F9005CDC37 /* Base */,
			);
			name = Main.storyboard;
			sourceTree = "<group>";
		};
		4E8B61DC294076FA005CDC37 /* LaunchScreen.storyboard */ = {
			isa = PBXVariantGroup;
			children = (
				4E8B61DD294076FA005CDC37 /* Base */,
			);
			name = LaunchScreen.storyboard;
			sourceTree = "<group>";
		};
/* End PBXVariantGroup section */

/* Begin XCBuildConfiguration section */
		4E8B61E0294076FA005CDC37 /* Debug */ = {
			isa = XCBuildConfiguration;
			buildSettings = {
				ALWAYS_SEARCH_USER_PATHS = NO;
				CLANG_ANALYZER_NONNULL = YES;
				CLANG_ANALYZER_NUMBER_OBJECT_CONVERSION = YES_AGGRESSIVE;
				CLANG_CXX_LANGUAGE_STANDARD = "gnu++20";
				CLANG_ENABLE_MODULES = YES;
				CLANG_ENABLE_OBJC_ARC = YES;
				CLANG_ENABLE_OBJC_WEAK = YES;
				CLANG_WARN_BLOCK_CAPTURE_AUTORELEASING = YES;
				CLANG_WARN_BOOL_CONVERSION = YES;
				CLANG_WARN_COMMA = YES;
				CLANG_WARN_CONSTANT_CONVERSION = YES;
				CLANG_WARN_DEPRECATED_OBJC_IMPLEMENTATIONS = YES;
				CLANG_WARN_DIRECT_OBJC_ISA_USAGE = YES_ERROR;
				CLANG_WARN_DOCUMENTATION_COMMENTS = YES;
				CLANG_WARN_EMPTY_BODY = YES;
				CLANG_WARN_ENUM_CONVERSION = YES;
				CLANG_WARN_INFINITE_RECURSION = YES;
				CLANG_WARN_INT_CONVERSION = YES;
				CLANG_WARN_NON_LITERAL_NULL_CONVERSION = YES;
				CLANG_WARN_OBJC_IMPLICIT_RETAIN_SELF = YES;
				CLANG_WARN_OBJC_LITERAL_CONVERSION = YES;
				CLANG_WARN_OBJC_ROOT_CLASS = YES_ERROR;
				CLANG_WARN_QUOTED_INCLUDE_IN_FRAMEWORK_HEADER = YES;
				CLANG_WARN_RANGE_LOOP_ANALYSIS = YES;
				CLANG_WARN_STRICT_PROTOTYPES = YES;
				CLANG_WARN_SUSPICIOUS_MOVE = YES;
				CLANG_WARN_UNGUARDED_AVAILABILITY = YES_AGGRESSIVE;
				CLANG_WARN_UNREACHABLE_CODE = YES;
				CLANG_WARN__DUPLICATE_METHOD_MATCH = YES;
				COPY_PHASE_STRIP = NO;
				DEBUG_INFORMATION_FORMAT = dwarf;
				ENABLE_STRICT_OBJC_MSGSEND = YES;
				ENABLE_TESTABILITY = YES;
				GCC_C_LANGUAGE_STANDARD = gnu11;
				GCC_DYNAMIC_NO_PIC = NO;
				GCC_NO_COMMON_BLOCKS = YES;
				GCC_OPTIMIZATION_LEVEL = 0;
				GCC_PREPROCESSOR_DEFINITIONS = (
					"DEBUG=1",
					"$(inherited)",
				);
				GCC_WARN_64_TO_32_BIT_CONVERSION = YES;
				GCC_WARN_ABOUT_RETURN_TYPE = YES_ERROR;
				GCC_WARN_UNDECLARED_SELECTOR = YES;
				GCC_WARN_UNINITIALIZED_AUTOS = YES_AGGRESSIVE;
				GCC_WARN_UNUSED_FUNCTION = YES;
				GCC_WARN_UNUSED_VARIABLE = YES;
				IPHONEOS_DEPLOYMENT_TARGET = 16.1;
				MTL_ENABLE_DEBUG_INFO = INCLUDE_SOURCE;
				MTL_FAST_MATH = YES;
				ONLY_ACTIVE_ARCH = YES;
				SDKROOT = iphoneos;
				SWIFT_ACTIVE_COMPILATION_CONDITIONS = DEBUG;
				SWIFT_OPTIMIZATION_LEVEL = "-Onone";
			};
			name = Debug;
		};
		4E8B61E1294076FA005CDC37 /* Release */ = {
			isa = XCBuildConfiguration;
			buildSettings = {
				ALWAYS_SEARCH_USER_PATHS = NO;
				CLANG_ANALYZER_NONNULL = YES;
				CLANG_ANALYZER_NUMBER_OBJECT_CONVERSION = YES_AGGRESSIVE;
				CLANG_CXX_LANGUAGE_STANDARD = "gnu++20";
				CLANG_ENABLE_MODULES = YES;
				CLANG_ENABLE_OBJC_ARC = YES;
				CLANG_ENABLE_OBJC_WEAK = YES;
				CLANG_WARN_BLOCK_CAPTURE_AUTORELEASING = YES;
				CLANG_WARN_BOOL_CONVERSION = YES;
				CLANG_WARN_COMMA = YES;
				CLANG_WARN_CONSTANT_CONVERSION = YES;
				CLANG_WARN_DEPRECATED_OBJC_IMPLEMENTATIONS = YES;
				CLANG_WARN_DIRECT_OBJC_ISA_USAGE = YES_ERROR;
				CLANG_WARN_DOCUMENTATION_COMMENTS = YES;
				CLANG_WARN_EMPTY_BODY = YES;
				CLANG_WARN_ENUM_CONVERSION = YES;
				CLANG_WARN_INFINITE_RECURSION = YES;
				CLANG_WARN_INT_CONVERSION = YES;
				CLANG_WARN_NON_LITERAL_NULL_CONVERSION = YES;
				CLANG_WARN_OBJC_IMPLICIT_RETAIN_SELF = YES;
				CLANG_WARN_OBJC_LITERAL_CONVERSION = YES;
				CLANG_WARN_OBJC_ROOT_CLASS = YES_ERROR;
				CLANG_WARN_QUOTED_INCLUDE_IN_FRAMEWORK_HEADER = YES;
				CLANG_WARN_RANGE_LOOP_ANALYSIS = YES;
				CLANG_WARN_STRICT_PROTOTYPES = YES;
				CLANG_WARN_SUSPICIOUS_MOVE = YES;
				CLANG_WARN_UNGUARDED_AVAILABILITY = YES_AGGRESSIVE;
				CLANG_WARN_UNREACHABLE_CODE = YES;
				CLANG_WARN__DUPLICATE_METHOD_MATCH = YES;
				COPY_PHASE_STRIP = NO;
				DEBUG_INFORMATION_FORMAT = "dwarf-with-dsym";
				ENABLE_NS_ASSERTIONS = NO;
				ENABLE_STRICT_OBJC_MSGSEND = YES;
				GCC_C_LANGUAGE_STANDARD = gnu11;
				GCC_NO_COMMON_BLOCKS = YES;
				GCC_WARN_64_TO_32_BIT_CONVERSION = YES;
				GCC_WARN_ABOUT_RETURN_TYPE = YES_ERROR;
				GCC_WARN_UNDECLARED_SELECTOR = YES;
				GCC_WARN_UNINITIALIZED_AUTOS = YES_AGGRESSIVE;
				GCC_WARN_UNUSED_FUNCTION = YES;
				GCC_WARN_UNUSED_VARIABLE = YES;
				IPHONEOS_DEPLOYMENT_TARGET = 16.1;
				MTL_ENABLE_DEBUG_INFO = NO;
				MTL_FAST_MATH = YES;
				SDKROOT = iphoneos;
				SWIFT_COMPILATION_MODE = wholemodule;
				SWIFT_OPTIMIZATION_LEVEL = "-O";
				VALIDATE_PRODUCT = YES;
			};
			name = Release;
		};
		4E8B61E3294076FA005CDC37 /* Debug */ = {
			isa = XCBuildConfiguration;
			baseConfigurationReference = 8D5091B2D38671EB4E2EA7CD /* Pods-instaClone.debug.xcconfig */;
			buildSettings = {
				ASSETCATALOG_COMPILER_APPICON_NAME = AppIcon;
				ASSETCATALOG_COMPILER_GLOBAL_ACCENT_COLOR_NAME = AccentColor;
				CODE_SIGN_STYLE = Automatic;
				CURRENT_PROJECT_VERSION = 1;
				DEVELOPMENT_TEAM = Q556KLVMZM;
				GENERATE_INFOPLIST_FILE = YES;
				INFOPLIST_FILE = instaClone/Info.plist;
				INFOPLIST_KEY_UIApplicationSupportsIndirectInputEvents = YES;
				INFOPLIST_KEY_UILaunchStoryboardName = LaunchScreen;
				INFOPLIST_KEY_UIMainStoryboardFile = Main;
				INFOPLIST_KEY_UISupportedInterfaceOrientations_iPad = "UIInterfaceOrientationPortrait UIInterfaceOrientationPortraitUpsideDown UIInterfaceOrientationLandscapeLeft UIInterfaceOrientationLandscapeRight";
				INFOPLIST_KEY_UISupportedInterfaceOrientations_iPhone = "UIInterfaceOrientationPortrait UIInterfaceOrientationLandscapeLeft UIInterfaceOrientationLandscapeRight";
				LD_RUNPATH_SEARCH_PATHS = (
					"$(inherited)",
					"@executable_path/Frameworks",
				);
				MARKETING_VERSION = 1.0;
				PRODUCT_BUNDLE_IDENTIFIER = com.burakkara.instaClone;
				PRODUCT_NAME = "$(TARGET_NAME)";
				SWIFT_EMIT_LOC_STRINGS = YES;
				SWIFT_VERSION = 5.0;
				TARGETED_DEVICE_FAMILY = "1,2";
			};
			name = Debug;
		};
		4E8B61E4294076FA005CDC37 /* Release */ = {
			isa = XCBuildConfiguration;
			baseConfigurationReference = 09F8F170DF8AA086049884BB /* Pods-instaClone.release.xcconfig */;
			buildSettings = {
				ASSETCATALOG_COMPILER_APPICON_NAME = AppIcon;
				ASSETCATALOG_COMPILER_GLOBAL_ACCENT_COLOR_NAME = AccentColor;
				CODE_SIGN_STYLE = Automatic;
				CURRENT_PROJECT_VERSION = 1;
				DEVELOPMENT_TEAM = Q556KLVMZM;
				GENERATE_INFOPLIST_FILE = YES;
				INFOPLIST_FILE = instaClone/Info.plist;
				INFOPLIST_KEY_UIApplicationSupportsIndirectInputEvents = YES;
				INFOPLIST_KEY_UILaunchStoryboardName = LaunchScreen;
				INFOPLIST_KEY_UIMainStoryboardFile = Main;
				INFOPLIST_KEY_UISupportedInterfaceOrientations_iPad = "UIInterfaceOrientationPortrait UIInterfaceOrientationPortraitUpsideDown UIInterfaceOrientationLandscapeLeft UIInterfaceOrientationLandscapeRight";
				INFOPLIST_KEY_UISupportedInterfaceOrientations_iPhone = "UIInterfaceOrientationPortrait UIInterfaceOrientationLandscapeLeft UIInterfaceOrientationLandscapeRight";
				LD_RUNPATH_SEARCH_PATHS = (
					"$(inherited)",
					"@executable_path/Frameworks",
				);
				MARKETING_VERSION = 1.0;
				PRODUCT_BUNDLE_IDENTIFIER = com.burakkara.instaClone;
				PRODUCT_NAME = "$(TARGET_NAME)";
				SWIFT_EMIT_LOC_STRINGS = YES;
				SWIFT_VERSION = 5.0;
				TARGETED_DEVICE_FAMILY = "1,2";
			};
			name = Release;
		};
/* End XCBuildConfiguration section */

/* Begin XCConfigurationList section */
		4E8B61C9294076F9005CDC37 /* Build configuration list for PBXProject "instaClone" */ = {
			isa = XCConfigurationList;
			buildConfigurations = (
				4E8B61E0294076FA005CDC37 /* Debug */,
				4E8B61E1294076FA005CDC37 /* Release */,
			);
			defaultConfigurationIsVisible = 0;
			defaultConfigurationName = Release;
		};
		4E8B61E2294076FA005CDC37 /* Build configuration list for PBXNativeTarget "instaClone" */ = {
			isa = XCConfigurationList;
			buildConfigurations = (
				4E8B61E3294076FA005CDC37 /* Debug */,
				4E8B61E4294076FA005CDC37 /* Release */,
			);
			defaultConfigurationIsVisible = 0;
			defaultConfigurationName = Release;
		};
/* End XCConfigurationList section */
	};
	rootObject = 4E8B61C6294076F9005CDC37 /* Project object */;
}
